
Microsoft Visual Studio Solution File, Format Version 12.00
# Visual Studio Version 16
VisualStudioVersion = 16.0.29519.87
MinimumVisualStudioVersion = 10.0.40219.1
Project("{FAE04EC0-301F-11D3-BF4B-00C04F79EFBC}") = "FunctionsDemo", "FunctionsDemo\FunctionsDemo.csproj", "{BE259C02-3EC7-4AA5-B551-2C586A7F5C0E}"
EndProject
Global
	GlobalSection(SolutionConfigurationPlatforms) = preSolution
		Debug|Any CPU = Debug|Any CPU
		Release|Any CPU = Release|Any CPU
	EndGlobalSection
	GlobalSection(ProjectConfigurationPlatforms) = postSolution
		{BE259C02-3EC7-4AA5-B551-2C586A7F5C0E}.Debug|Any CPU.ActiveCfg = Debug|Any CPU
		{BE259C02-3EC7-4AA5-B551-2C586A7F5C0E}.Debug|Any CPU.Build.0 = Debug|Any CPU
		{BE259C02-3EC7-4AA5-B551-2C586A7F5C0E}.Release|Any CPU.ActiveCfg = Release|Any CPU
		{BE259C02-3EC7-4AA5-B551-2C586A7F5C0E}.Release|Any CPU.Build.0 = Release|Any CPU
	EndGlobalSection
	GlobalSection(SolutionProperties) = preSolution
		HideSolutionNode = FALSE
	EndGlobalSection
	GlobalSection(ExtensibilityGlobals) = postSolution
		SolutionGuid = {42EA1178-2537-44EF-9800-46E3630A2526}
	EndGlobalSection
EndGlobal
